
Microsoft Visual Studio Solution File, Format Version 12.00
# Visual Studio Version 17
VisualStudioVersion = 17.9.34728.123
MinimumVisualStudioVersion = 10.0.40219.1
Project("{FAE04EC0-301F-11D3-BF4B-00C04F79EFBC}") = "UE.STOREDB.API", "UE.STOREDB.API\UE.STOREDB.API.csproj", "{ACF6327E-4999-4CCB-8C2B-E727B48C96B5}"
EndProject
Project("{FAE04EC0-301F-11D3-BF4B-00C04F79EFBC}") = "UE.STOREDB.DOMAIN", "UE.STOREDB.DOMAIN\UE.STOREDB.DOMAIN.csproj", "{90D19E9E-C393-4C45-BB99-A647B4DAC8C1}"
EndProject
Global
	GlobalSection(SolutionConfigurationPlatforms) = preSolution
		Debug|Any CPU = Debug|Any CPU
		Release|Any CPU = Release|Any CPU
	EndGlobalSection
	GlobalSection(ProjectConfigurationPlatforms) = postSolution
		{ACF6327E-4999-4CCB-8C2B-E727B48C96B5}.Debug|Any CPU.ActiveCfg = Debug|Any CPU
		{ACF6327E-4999-4CCB-8C2B-E727B48C96B5}.Debug|Any CPU.Build.0 = Debug|Any CPU
		{ACF6327E-4999-4CCB-8C2B-E727B48C96B5}.Release|Any CPU.ActiveCfg = Release|Any CPU
		{ACF6327E-4999-4CCB-8C2B-E727B48C96B5}.Release|Any CPU.Build.0 = Release|Any CPU
		{90D19E9E-C393-4C45-BB99-A647B4DAC8C1}.Debug|Any CPU.ActiveCfg = Debug|Any CPU
		{90D19E9E-C393-4C45-BB99-A647B4DAC8C1}.Debug|Any CPU.Build.0 = Debug|Any CPU
		{90D19E9E-C393-4C45-BB99-A647B4DAC8C1}.Release|Any CPU.ActiveCfg = Release|Any CPU
		{90D19E9E-C393-4C45-BB99-A647B4DAC8C1}.Release|Any CPU.Build.0 = Release|Any CPU
	EndGlobalSection
	GlobalSection(SolutionProperties) = preSolution
		HideSolutionNode = FALSE
	EndGlobalSection
	GlobalSection(ExtensibilityGlobals) = postSolution
		SolutionGuid = {BF5829AE-B601-4378-9CF0-C74A46EA1F7B}
	EndGlobalSection
EndGlobal
